// !$*UTF8*$!
{
	archiveVersion = 1;
	classes = {
	};
	objectVersion = 46;
	objects = {

/* Begin PBXBuildFile section */
		F32376AC1CE934840053F8F9 /* main.m in Sources */ = {isa = PBXBuildFile; fileRef = F32376AB1CE934840053F8F9 /* main.m */; };
		F32376AF1CE934840053F8F9 /* AppDelegate.m in Sources */ = {isa = PBXBuildFile; fileRef = F32376AE1CE934840053F8F9 /* AppDelegate.m */; };
		F32376B11CE934840053F8F9 /* Assets.xcassets in Resources */ = {isa = PBXBuildFile; fileRef = F32376B01CE934840053F8F9 /* Assets.xcassets */; };
		F32376BF1CE934840053F8F9 /* BaccusTests.m in Sources */ = {isa = PBXBuildFile; fileRef = F32376BE1CE934840053F8F9 /* BaccusTests.m */; };
		F32376CA1CE934840053F8F9 /* BaccusUITests.m in Sources */ = {isa = PBXBuildFile; fileRef = F32376C91CE934840053F8F9 /* BaccusUITests.m */; };
		F32376D91CE93E590053F8F9 /* AGTWineModel.m in Sources */ = {isa = PBXBuildFile; fileRef = F32376D81CE93E590053F8F9 /* AGTWineModel.m */; };
		F32376DE1CE953610053F8F9 /* AGTWineViewController.m in Sources */ = {isa = PBXBuildFile; fileRef = F32376DC1CE953610053F8F9 /* AGTWineViewController.m */; };
		F32376DF1CE953610053F8F9 /* AGTWineViewController.xib in Resources */ = {isa = PBXBuildFile; fileRef = F32376DD1CE953610053F8F9 /* AGTWineViewController.xib */; };
		F32376E21CE98F810053F8F9 /* splitView_score_glass@2x.png in Resources */ = {isa = PBXBuildFile; fileRef = F32376E11CE98F810053F8F9 /* splitView_score_glass@2x.png */; };
		F32376E51CE98FF30053F8F9 /* bembibre.jpg in Resources */ = {isa = PBXBuildFile; fileRef = F32376E41CE98FF30053F8F9 /* bembibre.jpg */; };
		F371138E1CEE5DFF005BF239 /* comtesDeChampagne.jpg in Resources */ = {isa = PBXBuildFile; fileRef = F371138C1CEE5DFF005BF239 /* comtesDeChampagne.jpg */; };
		F371138F1CEE5DFF005BF239 /* zarate.gif in Resources */ = {isa = PBXBuildFile; fileRef = F371138D1CEE5DFF005BF239 /* zarate.gif */; };
		F37113921CEE6E8C005BF239 /* AGTWineryModel.m in Sources */ = {isa = PBXBuildFile; fileRef = F37113911CEE6E8C005BF239 /* AGTWineryModel.m */; };
		F37113951CEEB37D005BF239 /* AGTWineryTableViewController.m in Sources */ = {isa = PBXBuildFile; fileRef = F37113941CEEB37D005BF239 /* AGTWineryTableViewController.m */; };
		F3F0F5741CEB8CD600F96007 /* AGTWebViewController.m in Sources */ = {isa = PBXBuildFile; fileRef = F3F0F5721CEB8CD600F96007 /* AGTWebViewController.m */; };
		F3F0F5751CEB8CD600F96007 /* AGTWebViewController.xib in Resources */ = {isa = PBXBuildFile; fileRef = F3F0F5731CEB8CD600F96007 /* AGTWebViewController.xib */; };
/* End PBXBuildFile section */

/* Begin PBXContainerItemProxy section */
		F32376BB1CE934840053F8F9 /* PBXContainerItemProxy */ = {
			isa = PBXContainerItemProxy;
			containerPortal = F323769F1CE934840053F8F9 /* Project object */;
			proxyType = 1;
			remoteGlobalIDString = F32376A61CE934840053F8F9;
			remoteInfo = Baccus;
		};
		F32376C61CE934840053F8F9 /* PBXContainerItemProxy */ = {
			isa = PBXContainerItemProxy;
			containerPortal = F323769F1CE934840053F8F9 /* Project object */;
			proxyType = 1;
			remoteGlobalIDString = F32376A61CE934840053F8F9;
			remoteInfo = Baccus;
		};
/* End PBXContainerItemProxy section */

/* Begin PBXFileReference section */
		F32376A71CE934840053F8F9 /* Baccus.app */ = {isa = PBXFileReference; explicitFileType = wrapper.application; includeInIndex = 0; path = Baccus.app; sourceTree = BUILT_PRODUCTS_DIR; };
		F32376AB1CE934840053F8F9 /* main.m */ = {isa = PBXFileReference; lastKnownFileType = sourcecode.c.objc; path = main.m; sourceTree = "<group>"; };
		F32376AD1CE934840053F8F9 /* AppDelegate.h */ = {isa = PBXFileReference; lastKnownFileType = sourcecode.c.h; path = AppDelegate.h; sourceTree = "<group>"; };
		F32376AE1CE934840053F8F9 /* AppDelegate.m */ = {isa = PBXFileReference; lastKnownFileType = sourcecode.c.objc; path = AppDelegate.m; sourceTree = "<group>"; };
		F32376B01CE934840053F8F9 /* Assets.xcassets */ = {isa = PBXFileReference; lastKnownFileType = folder.assetcatalog; path = Assets.xcassets; sourceTree = "<group>"; };
		F32376B51CE934840053F8F9 /* Info.plist */ = {isa = PBXFileReference; lastKnownFileType = text.plist.xml; path = Info.plist; sourceTree = "<group>"; };
		F32376BA1CE934840053F8F9 /* BaccusTests.xctest */ = {isa = PBXFileReference; explicitFileType = wrapper.cfbundle; includeInIndex = 0; path = BaccusTests.xctest; sourceTree = BUILT_PRODUCTS_DIR; };
		F32376BE1CE934840053F8F9 /* BaccusTests.m */ = {isa = PBXFileReference; lastKnownFileType = sourcecode.c.objc; path = BaccusTests.m; sourceTree = "<group>"; };
		F32376C01CE934840053F8F9 /* Info.plist */ = {isa = PBXFileReference; lastKnownFileType = text.plist.xml; path = Info.plist; sourceTree = "<group>"; };
		F32376C51CE934840053F8F9 /* BaccusUITests.xctest */ = {isa = PBXFileReference; explicitFileType = wrapper.cfbundle; includeInIndex = 0; path = BaccusUITests.xctest; sourceTree = BUILT_PRODUCTS_DIR; };
		F32376C91CE934840053F8F9 /* BaccusUITests.m */ = {isa = PBXFileReference; lastKnownFileType = sourcecode.c.objc; path = BaccusUITests.m; sourceTree = "<group>"; };
		F32376CB1CE934840053F8F9 /* Info.plist */ = {isa = PBXFileReference; lastKnownFileType = text.plist.xml; path = Info.plist; sourceTree = "<group>"; };
		F32376D71CE93E590053F8F9 /* AGTWineModel.h */ = {isa = PBXFileReference; fileEncoding = 4; lastKnownFileType = sourcecode.c.h; path = AGTWineModel.h; sourceTree = "<group>"; };
		F32376D81CE93E590053F8F9 /* AGTWineModel.m */ = {isa = PBXFileReference; fileEncoding = 4; lastKnownFileType = sourcecode.c.objc; path = AGTWineModel.m; sourceTree = "<group>"; };
		F32376DB1CE953610053F8F9 /* AGTWineViewController.h */ = {isa = PBXFileReference; fileEncoding = 4; lastKnownFileType = sourcecode.c.h; path = AGTWineViewController.h; sourceTree = "<group>"; };
		F32376DC1CE953610053F8F9 /* AGTWineViewController.m */ = {isa = PBXFileReference; fileEncoding = 4; lastKnownFileType = sourcecode.c.objc; path = AGTWineViewController.m; sourceTree = "<group>"; };
		F32376DD1CE953610053F8F9 /* AGTWineViewController.xib */ = {isa = PBXFileReference; fileEncoding = 4; lastKnownFileType = file.xib; path = AGTWineViewController.xib; sourceTree = "<group>"; };
		F32376E11CE98F810053F8F9 /* splitView_score_glass@2x.png */ = {isa = PBXFileReference; lastKnownFileType = image.png; path = "splitView_score_glass@2x.png"; sourceTree = "<group>"; };
		F32376E41CE98FF30053F8F9 /* bembibre.jpg */ = {isa = PBXFileReference; lastKnownFileType = image.jpeg; path = bembibre.jpg; sourceTree = "<group>"; };
		F371138C1CEE5DFF005BF239 /* comtesDeChampagne.jpg */ = {isa = PBXFileReference; lastKnownFileType = image.jpeg; path = comtesDeChampagne.jpg; sourceTree = "<group>"; };
		F371138D1CEE5DFF005BF239 /* zarate.gif */ = {isa = PBXFileReference; lastKnownFileType = image.gif; path = zarate.gif; sourceTree = "<group>"; };
		F37113901CEE6E8C005BF239 /* AGTWineryModel.h */ = {isa = PBXFileReference; fileEncoding = 4; lastKnownFileType = sourcecode.c.h; path = AGTWineryModel.h; sourceTree = "<group>"; };
		F37113911CEE6E8C005BF239 /* AGTWineryModel.m */ = {isa = PBXFileReference; fileEncoding = 4; lastKnownFileType = sourcecode.c.objc; path = AGTWineryModel.m; sourceTree = "<group>"; };
		F37113931CEEB37D005BF239 /* AGTWineryTableViewController.h */ = {isa = PBXFileReference; fileEncoding = 4; lastKnownFileType = sourcecode.c.h; path = AGTWineryTableViewController.h; sourceTree = "<group>"; };
		F37113941CEEB37D005BF239 /* AGTWineryTableViewController.m */ = {isa = PBXFileReference; fileEncoding = 4; lastKnownFileType = sourcecode.c.objc; path = AGTWineryTableViewController.m; sourceTree = "<group>"; };
		F3F0F5711CEB8CD600F96007 /* AGTWebViewController.h */ = {isa = PBXFileReference; fileEncoding = 4; lastKnownFileType = sourcecode.c.h; path = AGTWebViewController.h; sourceTree = "<group>"; };
		F3F0F5721CEB8CD600F96007 /* AGTWebViewController.m */ = {isa = PBXFileReference; fileEncoding = 4; lastKnownFileType = sourcecode.c.objc; path = AGTWebViewController.m; sourceTree = "<group>"; };
		F3F0F5731CEB8CD600F96007 /* AGTWebViewController.xib */ = {isa = PBXFileReference; fileEncoding = 4; lastKnownFileType = file.xib; path = AGTWebViewController.xib; sourceTree = "<group>"; };
/* End PBXFileReference section */

/* Begin PBXFrameworksBuildPhase section */
		F32376A41CE934840053F8F9 /* Frameworks */ = {
			isa = PBXFrameworksBuildPhase;
			buildActionMask = 2147483647;
			files = (
			);
			runOnlyForDeploymentPostprocessing = 0;
		};
		F32376B71CE934840053F8F9 /* Frameworks */ = {
			isa = PBXFrameworksBuildPhase;
			buildActionMask = 2147483647;
			files = (
			);
			runOnlyForDeploymentPostprocessing = 0;
		};
		F32376C21CE934840053F8F9 /* Frameworks */ = {
			isa = PBXFrameworksBuildPhase;
			buildActionMask = 2147483647;
			files = (
			);
			runOnlyForDeploymentPostprocessing = 0;
		};
/* End PBXFrameworksBuildPhase section */

/* Begin PBXGroup section */
		F323769E1CE934840053F8F9 = {
			isa = PBXGroup;
			children = (
				F32376A91CE934840053F8F9 /* Baccus */,
				F32376BD1CE934840053F8F9 /* BaccusTests */,
				F32376C81CE934840053F8F9 /* BaccusUITests */,
				F32376A81CE934840053F8F9 /* Products */,
			);
			sourceTree = "<group>";
		};
		F32376A81CE934840053F8F9 /* Products */ = {
			isa = PBXGroup;
			children = (
				F32376A71CE934840053F8F9 /* Baccus.app */,
				F32376BA1CE934840053F8F9 /* BaccusTests.xctest */,
				F32376C51CE934840053F8F9 /* BaccusUITests.xctest */,
			);
			name = Products;
			sourceTree = "<group>";
		};
		F32376A91CE934840053F8F9 /* Baccus */ = {
			isa = PBXGroup;
			children = (
				F32376E31CE98F870053F8F9 /* Resources */,
				F32376E01CE953700053F8F9 /* Controllers */,
				F32376DA1CE93E840053F8F9 /* Models */,
				F32376AD1CE934840053F8F9 /* AppDelegate.h */,
				F32376AE1CE934840053F8F9 /* AppDelegate.m */,
				F32376B01CE934840053F8F9 /* Assets.xcassets */,
				F32376B51CE934840053F8F9 /* Info.plist */,
				F32376AA1CE934840053F8F9 /* Supporting Files */,
			);
			path = Baccus;
			sourceTree = "<group>";
		};
		F32376AA1CE934840053F8F9 /* Supporting Files */ = {
			isa = PBXGroup;
			children = (
				F32376AB1CE934840053F8F9 /* main.m */,
			);
			name = "Supporting Files";
			sourceTree = "<group>";
		};
		F32376BD1CE934840053F8F9 /* BaccusTests */ = {
			isa = PBXGroup;
			children = (
				F32376BE1CE934840053F8F9 /* BaccusTests.m */,
				F32376C01CE934840053F8F9 /* Info.plist */,
			);
			path = BaccusTests;
			sourceTree = "<group>";
		};
		F32376C81CE934840053F8F9 /* BaccusUITests */ = {
			isa = PBXGroup;
			children = (
				F32376C91CE934840053F8F9 /* BaccusUITests.m */,
				F32376CB1CE934840053F8F9 /* Info.plist */,
			);
			path = BaccusUITests;
			sourceTree = "<group>";
		};
		F32376DA1CE93E840053F8F9 /* Models */ = {
			isa = PBXGroup;
			children = (
				F32376D71CE93E590053F8F9 /* AGTWineModel.h */,
				F32376D81CE93E590053F8F9 /* AGTWineModel.m */,
				F37113901CEE6E8C005BF239 /* AGTWineryModel.h */,
				F37113911CEE6E8C005BF239 /* AGTWineryModel.m */,
			);
			name = Models;
			sourceTree = "<group>";
		};
		F32376E01CE953700053F8F9 /* Controllers */ = {
			isa = PBXGroup;
			children = (
				F32376DB1CE953610053F8F9 /* AGTWineViewController.h */,
				F32376DC1CE953610053F8F9 /* AGTWineViewController.m */,
				F32376DD1CE953610053F8F9 /* AGTWineViewController.xib */,
				F3F0F5711CEB8CD600F96007 /* AGTWebViewController.h */,
				F3F0F5721CEB8CD600F96007 /* AGTWebViewController.m */,
				F3F0F5731CEB8CD600F96007 /* AGTWebViewController.xib */,
				F37113931CEEB37D005BF239 /* AGTWineryTableViewController.h */,
				F37113941CEEB37D005BF239 /* AGTWineryTableViewController.m */,
			);
			name = Controllers;
			sourceTree = "<group>";
		};
		F32376E31CE98F870053F8F9 /* Resources */ = {
			isa = PBXGroup;
			children = (
				F371138C1CEE5DFF005BF239 /* comtesDeChampagne.jpg */,
				F371138D1CEE5DFF005BF239 /* zarate.gif */,
				F32376E41CE98FF30053F8F9 /* bembibre.jpg */,
				F32376E11CE98F810053F8F9 /* splitView_score_glass@2x.png */,
			);
			name = Resources;
			sourceTree = "<group>";
		};
/* End PBXGroup section */

/* Begin PBXNativeTarget section */
		F32376A61CE934840053F8F9 /* Baccus */ = {
			isa = PBXNativeTarget;
			buildConfigurationList = F32376CE1CE934840053F8F9 /* Build configuration list for PBXNativeTarget "Baccus" */;
			buildPhases = (
				F32376A31CE934840053F8F9 /* Sources */,
				F32376A41CE934840053F8F9 /* Frameworks */,
				F32376A51CE934840053F8F9 /* Resources */,
			);
			buildRules = (
			);
			dependencies = (
			);
			name = Baccus;
			productName = Baccus;
			productReference = F32376A71CE934840053F8F9 /* Baccus.app */;
			productType = "com.apple.product-type.application";
		};
		F32376B91CE934840053F8F9 /* BaccusTests */ = {
			isa = PBXNativeTarget;
			buildConfigurationList = F32376D11CE934840053F8F9 /* Build configuration list for PBXNativeTarget "BaccusTests" */;
			buildPhases = (
				F32376B61CE934840053F8F9 /* Sources */,
				F32376B71CE934840053F8F9 /* Frameworks */,
				F32376B81CE934840053F8F9 /* Resources */,
			);
			buildRules = (
			);
			dependencies = (
				F32376BC1CE934840053F8F9 /* PBXTargetDependency */,
			);
			name = BaccusTests;
			productName = BaccusTests;
			productReference = F32376BA1CE934840053F8F9 /* BaccusTests.xctest */;
			productType = "com.apple.product-type.bundle.unit-test";
		};
		F32376C41CE934840053F8F9 /* BaccusUITests */ = {
			isa = PBXNativeTarget;
			buildConfigurationList = F32376D41CE934840053F8F9 /* Build configuration list for PBXNativeTarget "BaccusUITests" */;
			buildPhases = (
				F32376C11CE934840053F8F9 /* Sources */,
				F32376C21CE934840053F8F9 /* Frameworks */,
				F32376C31CE934840053F8F9 /* Resources */,
			);
			buildRules = (
			);
			dependencies = (
				F32376C71CE934840053F8F9 /* PBXTargetDependency */,
			);
			name = BaccusUITests;
			productName = BaccusUITests;
			productReference = F32376C51CE934840053F8F9 /* BaccusUITests.xctest */;
			productType = "com.apple.product-type.bundle.ui-testing";
		};
/* End PBXNativeTarget section */

/* Begin PBXProject section */
		F323769F1CE934840053F8F9 /* Project object */ = {
			isa = PBXProject;
			attributes = {
				LastUpgradeCheck = 0730;
				ORGANIZATIONNAME = Agbo;
				TargetAttributes = {
					F32376A61CE934840053F8F9 = {
						CreatedOnToolsVersion = 7.3;
					};
					F32376B91CE934840053F8F9 = {
						CreatedOnToolsVersion = 7.3;
						TestTargetID = F32376A61CE934840053F8F9;
					};
					F32376C41CE934840053F8F9 = {
						CreatedOnToolsVersion = 7.3;
						TestTargetID = F32376A61CE934840053F8F9;
					};
				};
			};
			buildConfigurationList = F32376A21CE934840053F8F9 /* Build configuration list for PBXProject "Baccus" */;
			compatibilityVersion = "Xcode 3.2";
			developmentRegion = English;
			hasScannedForEncodings = 0;
			knownRegions = (
				en,
				Base,
			);
			mainGroup = F323769E1CE934840053F8F9;
			productRefGroup = F32376A81CE934840053F8F9 /* Products */;
			projectDirPath = "";
			projectRoot = "";
			targets = (
				F32376A61CE934840053F8F9 /* Baccus */,
				F32376B91CE934840053F8F9 /* BaccusTests */,
				F32376C41CE934840053F8F9 /* BaccusUITests */,
			);
		};
/* End PBXProject section */

/* Begin PBXResourcesBuildPhase section */
		F32376A51CE934840053F8F9 /* Resources */ = {
			isa = PBXResourcesBuildPhase;
			buildActionMask = 2147483647;
			files = (
				F371138E1CEE5DFF005BF239 /* comtesDeChampagne.jpg in Resources */,
				F32376DF1CE953610053F8F9 /* AGTWineViewController.xib in Resources */,
				F32376B11CE934840053F8F9 /* Assets.xcassets in Resources */,
				F32376E21CE98F810053F8F9 /* splitView_score_glass@2x.png in Resources */,
				F371138F1CEE5DFF005BF239 /* zarate.gif in Resources */,
				F32376E51CE98FF30053F8F9 /* bembibre.jpg in Resources */,
				F3F0F5751CEB8CD600F96007 /* AGTWebViewController.xib in Resources */,
			);
			runOnlyForDeploymentPostprocessing = 0;
		};
		F32376B81CE934840053F8F9 /* Resources */ = {
			isa = PBXResourcesBuildPhase;
			buildActionMask = 2147483647;
			files = (
			);
			runOnlyForDeploymentPostprocessing = 0;
		};
		F32376C31CE934840053F8F9 /* Resources */ = {
			isa = PBXResourcesBuildPhase;
			buildActionMask = 2147483647;
			files = (
			);
			runOnlyForDeploymentPostprocessing = 0;
		};
/* End PBXResourcesBuildPhase section */

/* Begin PBXSourcesBuildPhase section */
		F32376A31CE934840053F8F9 /* Sources */ = {
			isa = PBXSourcesBuildPhase;
			buildActionMask = 2147483647;
			files = (
				F32376DE1CE953610053F8F9 /* AGTWineViewController.m in Sources */,
				F32376AF1CE934840053F8F9 /* AppDelegate.m in Sources */,
				F3F0F5741CEB8CD600F96007 /* AGTWebViewController.m in Sources */,
				F32376D91CE93E590053F8F9 /* AGTWineModel.m in Sources */,
				F37113921CEE6E8C005BF239 /* AGTWineryModel.m in Sources */,
				F37113951CEEB37D005BF239 /* AGTWineryTableViewController.m in Sources */,
				F32376AC1CE934840053F8F9 /* main.m in Sources */,
			);
			runOnlyForDeploymentPostprocessing = 0;
		};
		F32376B61CE934840053F8F9 /* Sources */ = {
			isa = PBXSourcesBuildPhase;
			buildActionMask = 2147483647;
			files = (
				F32376BF1CE934840053F8F9 /* BaccusTests.m in Sources */,
			);
			runOnlyForDeploymentPostprocessing = 0;
		};
		F32376C11CE934840053F8F9 /* Sources */ = {
			isa = PBXSourcesBuildPhase;
			buildActionMask = 2147483647;
			files = (
				F32376CA1CE934840053F8F9 /* BaccusUITests.m in Sources */,
			);
			runOnlyForDeploymentPostprocessing = 0;
		};
/* End PBXSourcesBuildPhase section */

/* Begin PBXTargetDependency section */
		F32376BC1CE934840053F8F9 /* PBXTargetDependency */ = {
			isa = PBXTargetDependency;
			target = F32376A61CE934840053F8F9 /* Baccus */;
			targetProxy = F32376BB1CE934840053F8F9 /* PBXContainerItemProxy */;
		};
		F32376C71CE934840053F8F9 /* PBXTargetDependency */ = {
			isa = PBXTargetDependency;
			target = F32376A61CE934840053F8F9 /* Baccus */;
			targetProxy = F32376C61CE934840053F8F9 /* PBXContainerItemProxy */;
		};
/* End PBXTargetDependency section */

/* Begin XCBuildConfiguration section */
		F32376CC1CE934840053F8F9 /* Debug */ = {
			isa = XCBuildConfiguration;
			buildSettings = {
				ALWAYS_SEARCH_USER_PATHS = NO;
				CLANG_ANALYZER_NONNULL = YES;
				CLANG_CXX_LANGUAGE_STANDARD = "gnu++0x";
				CLANG_CXX_LIBRARY = "libc++";
				CLANG_ENABLE_MODULES = YES;
				CLANG_ENABLE_OBJC_ARC = YES;
				CLANG_WARN_BOOL_CONVERSION = YES;
				CLANG_WARN_CONSTANT_CONVERSION = YES;
				CLANG_WARN_DIRECT_OBJC_ISA_USAGE = YES_ERROR;
				CLANG_WARN_EMPTY_BODY = YES;
				CLANG_WARN_ENUM_CONVERSION = YES;
				CLANG_WARN_INT_CONVERSION = YES;
				CLANG_WARN_OBJC_ROOT_CLASS = YES_ERROR;
				CLANG_WARN_UNREACHABLE_CODE = YES;
				CLANG_WARN__DUPLICATE_METHOD_MATCH = YES;
				"CODE_SIGN_IDENTITY[sdk=iphoneos*]" = "iPhone Developer";
				COPY_PHASE_STRIP = NO;
				DEBUG_INFORMATION_FORMAT = dwarf;
				ENABLE_STRICT_OBJC_MSGSEND = YES;
				ENABLE_TESTABILITY = YES;
				GCC_C_LANGUAGE_STANDARD = gnu99;
				GCC_DYNAMIC_NO_PIC = NO;
				GCC_NO_COMMON_BLOCKS = YES;
				GCC_OPTIMIZATION_LEVEL = 0;
				GCC_PREPROCESSOR_DEFINITIONS = (
					"DEBUG=1",
					"$(inherited)",
				);
				GCC_WARN_64_TO_32_BIT_CONVERSION = YES;
				GCC_WARN_ABOUT_RETURN_TYPE = YES_ERROR;
				GCC_WARN_UNDECLARED_SELECTOR = YES;
				GCC_WARN_UNINITIALIZED_AUTOS = YES_AGGRESSIVE;
				GCC_WARN_UNUSED_FUNCTION = YES;
				GCC_WARN_UNUSED_VARIABLE = YES;
				IPHONEOS_DEPLOYMENT_TARGET = 9.3;
				MTL_ENABLE_DEBUG_INFO = YES;
				ONLY_ACTIVE_ARCH = YES;
				SDKROOT = iphoneos;
				TARGETED_DEVICE_FAMILY = 2;
			};
			name = Debug;
		};
		F32376CD1CE934840053F8F9 /* Release */ = {
			isa = XCBuildConfiguration;
			buildSettings = {
				ALWAYS_SEARCH_USER_PATHS = NO;
				CLANG_ANALYZER_NONNULL = YES;
				CLANG_CXX_LANGUAGE_STANDARD = "gnu++0x";
				CLANG_CXX_LIBRARY = "libc++";
				CLANG_ENABLE_MODULES = YES;
				CLANG_ENABLE_OBJC_ARC = YES;
				CLANG_WARN_BOOL_CONVERSION = YES;
				CLANG_WARN_CONSTANT_CONVERSION = YES;
				CLANG_WARN_DIRECT_OBJC_ISA_USAGE = YES_ERROR;
				CLANG_WARN_EMPTY_BODY = YES;
				CLANG_WARN_ENUM_CONVERSION = YES;
				CLANG_WARN_INT_CONVERSION = YES;
				CLANG_WARN_OBJC_ROOT_CLASS = YES_ERROR;
				CLANG_WARN_UNREACHABLE_CODE = YES;
				CLANG_WARN__DUPLICATE_METHOD_MATCH = YES;
				"CODE_SIGN_IDENTITY[sdk=iphoneos*]" = "iPhone Developer";
				COPY_PHASE_STRIP = NO;
				DEBUG_INFORMATION_FORMAT = "dwarf-with-dsym";
				ENABLE_NS_ASSERTIONS = NO;
				ENABLE_STRICT_OBJC_MSGSEND = YES;
				GCC_C_LANGUAGE_STANDARD = gnu99;
				GCC_NO_COMMON_BLOCKS = YES;
				GCC_WARN_64_TO_32_BIT_CONVERSION = YES;
				GCC_WARN_ABOUT_RETURN_TYPE = YES_ERROR;
				GCC_WARN_UNDECLARED_SELECTOR = YES;
				GCC_WARN_UNINITIALIZED_AUTOS = YES_AGGRESSIVE;
				GCC_WARN_UNUSED_FUNCTION = YES;
				GCC_WARN_UNUSED_VARIABLE = YES;
				IPHONEOS_DEPLOYMENT_TARGET = 9.3;
				MTL_ENABLE_DEBUG_INFO = NO;
				SDKROOT = iphoneos;
				TARGETED_DEVICE_FAMILY = 2;
				VALIDATE_PRODUCT = YES;
			};
			name = Release;
		};
		F32376CF1CE934840053F8F9 /* Debug */ = {
			isa = XCBuildConfiguration;
			buildSettings = {
				ASSETCATALOG_COMPILER_APPICON_NAME = AppIcon;
				INFOPLIST_FILE = Baccus/Info.plist;
				LD_RUNPATH_SEARCH_PATHS = "$(inherited) @executable_path/Frameworks";
				PRODUCT_BUNDLE_IDENTIFIER = com.neburzepol.Baccus;
				PRODUCT_NAME = "$(TARGET_NAME)";
			};
			name = Debug;
		};
		F32376D01CE934840053F8F9 /* Release */ = {
			isa = XCBuildConfiguration;
			buildSettings = {
				ASSETCATALOG_COMPILER_APPICON_NAME = AppIcon;
				INFOPLIST_FILE = Baccus/Info.plist;
				LD_RUNPATH_SEARCH_PATHS = "$(inherited) @executable_path/Frameworks";
				PRODUCT_BUNDLE_IDENTIFIER = com.neburzepol.Baccus;
				PRODUCT_NAME = "$(TARGET_NAME)";
			};
			name = Release;
		};
		F32376D21CE934840053F8F9 /* Debug */ = {
			isa = XCBuildConfiguration;
			buildSettings = {
				BUNDLE_LOADER = "$(TEST_HOST)";
				INFOPLIST_FILE = BaccusTests/Info.plist;
				LD_RUNPATH_SEARCH_PATHS = "$(inherited) @executable_path/Frameworks @loader_path/Frameworks";
				PRODUCT_BUNDLE_IDENTIFIER = com.neburzepol.BaccusTests;
				PRODUCT_NAME = "$(TARGET_NAME)";
				TEST_HOST = "$(BUILT_PRODUCTS_DIR)/Baccus.app/Baccus";
			};
			name = Debug;
		};
		F32376D31CE934840053F8F9 /* Release */ = {
			isa = XCBuildConfiguration;
			buildSettings = {
				BUNDLE_LOADER = "$(TEST_HOST)";
				INFOPLIST_FILE = BaccusTests/Info.plist;
				LD_RUNPATH_SEARCH_PATHS = "$(inherited) @executable_path/Frameworks @loader_path/Frameworks";
				PRODUCT_BUNDLE_IDENTIFIER = com.neburzepol.BaccusTests;
				PRODUCT_NAME = "$(TARGET_NAME)";
				TEST_HOST = "$(BUILT_PRODUCTS_DIR)/Baccus.app/Baccus";
			};
			name = Release;
		};
		F32376D51CE934840053F8F9 /* Debug */ = {
			isa = XCBuildConfiguration;
			buildSettings = {
				INFOPLIST_FILE = BaccusUITests/Info.plist;
				LD_RUNPATH_SEARCH_PATHS = "$(inherited) @executable_path/Frameworks @loader_path/Frameworks";
				PRODUCT_BUNDLE_IDENTIFIER = com.neburzepol.BaccusUITests;
				PRODUCT_NAME = "$(TARGET_NAME)";
				TEST_TARGET_NAME = Baccus;
			};
			name = Debug;
		};
		F32376D61CE934840053F8F9 /* Release */ = {
			isa = XCBuildConfiguration;
			buildSettings = {
				INFOPLIST_FILE = BaccusUITests/Info.plist;
				LD_RUNPATH_SEARCH_PATHS = "$(inherited) @executable_path/Frameworks @loader_path/Frameworks";
				PRODUCT_BUNDLE_IDENTIFIER = com.neburzepol.BaccusUITests;
				PRODUCT_NAME = "$(TARGET_NAME)";
				TEST_TARGET_NAME = Baccus;
			};
			name = Release;
		};
/* End XCBuildConfiguration section */

/* Begin XCConfigurationList section */
		F32376A21CE934840053F8F9 /* Build configuration list for PBXProject "Baccus" */ = {
			isa = XCConfigurationList;
			buildConfigurations = (
				F32376CC1CE934840053F8F9 /* Debug */,
				F32376CD1CE934840053F8F9 /* Release */,
			);
			defaultConfigurationIsVisible = 0;
			defaultConfigurationName = Release;
		};
		F32376CE1CE934840053F8F9 /* Build configuration list for PBXNativeTarget "Baccus" */ = {
			isa = XCConfigurationList;
			buildConfigurations = (
				F32376CF1CE934840053F8F9 /* Debug */,
				F32376D01CE934840053F8F9 /* Release */,
			);
			defaultConfigurationIsVisible = 0;
			defaultConfigurationName = Release;
		};
		F32376D11CE934840053F8F9 /* Build configuration list for PBXNativeTarget "BaccusTests" */ = {
			isa = XCConfigurationList;
			buildConfigurations = (
				F32376D21CE934840053F8F9 /* Debug */,
				F32376D31CE934840053F8F9 /* Release */,
			);
			defaultConfigurationIsVisible = 0;
			defaultConfigurationName = Release;
		};
		F32376D41CE934840053F8F9 /* Build configuration list for PBXNativeTarget "BaccusUITests" */ = {
			isa = XCConfigurationList;
			buildConfigurations = (
				F32376D51CE934840053F8F9 /* Debug */,
				F32376D61CE934840053F8F9 /* Release */,
			);
			defaultConfigurationIsVisible = 0;
			defaultConfigurationName = Release;
		};
/* End XCConfigurationList section */
	};
	rootObject = F323769F1CE934840053F8F9 /* Project object */;
}
